// !$*UTF8*$!
{
	archiveVersion = 1;
	classes = {
	};
	objectVersion = 56;
	objects = {

/* Begin PBXBuildFile section */
		837D21182AE3C802009E8361 /* LinkedIn_cloneApp.swift in Sources */ = {isa = PBXBuildFile; fileRef = 837D21172AE3C802009E8361 /* LinkedIn_cloneApp.swift */; };
		837D211A2AE3C802009E8361 /* ContentView.swift in Sources */ = {isa = PBXBuildFile; fileRef = 837D21192AE3C802009E8361 /* ContentView.swift */; };
		837D211C2AE3C802009E8361 /* Assets.xcassets in Resources */ = {isa = PBXBuildFile; fileRef = 837D211B2AE3C802009E8361 /* Assets.xcassets */; };
		837D211F2AE3C802009E8361 /* Preview Assets.xcassets in Resources */ = {isa = PBXBuildFile; fileRef = 837D211E2AE3C802009E8361 /* Preview Assets.xcassets */; };
		837D21292AE3C803009E8361 /* LinkedIn_cloneTests.swift in Sources */ = {isa = PBXBuildFile; fileRef = 837D21282AE3C803009E8361 /* LinkedIn_cloneTests.swift */; };
		837D21332AE3C803009E8361 /* LinkedIn_cloneUITests.swift in Sources */ = {isa = PBXBuildFile; fileRef = 837D21322AE3C803009E8361 /* LinkedIn_cloneUITests.swift */; };
		837D21352AE3C803009E8361 /* LinkedIn_cloneUITestsLaunchTests.swift in Sources */ = {isa = PBXBuildFile; fileRef = 837D21342AE3C803009E8361 /* LinkedIn_cloneUITestsLaunchTests.swift */; };
		837D21432AE3CB86009E8361 /* HomeView.swift in Sources */ = {isa = PBXBuildFile; fileRef = 837D21422AE3CB86009E8361 /* HomeView.swift */; };
		837D21452AE3CB95009E8361 /* NetworkView.swift in Sources */ = {isa = PBXBuildFile; fileRef = 837D21442AE3CB95009E8361 /* NetworkView.swift */; };
		837D21482AE3CBAD009E8361 /* PostView.swift in Sources */ = {isa = PBXBuildFile; fileRef = 837D21472AE3CBAD009E8361 /* PostView.swift */; };
		837D214A2AE3CBC2009E8361 /* NotificationsView.swift in Sources */ = {isa = PBXBuildFile; fileRef = 837D21492AE3CBC2009E8361 /* NotificationsView.swift */; };
		837D214C2AE3CBCF009E8361 /* JobsView.swift in Sources */ = {isa = PBXBuildFile; fileRef = 837D214B2AE3CBCF009E8361 /* JobsView.swift */; };
/* End PBXBuildFile section */

/* Begin PBXContainerItemProxy section */
		837D21252AE3C803009E8361 /* PBXContainerItemProxy */ = {
			isa = PBXContainerItemProxy;
			containerPortal = 837D210C2AE3C802009E8361 /* Project object */;
			proxyType = 1;
			remoteGlobalIDString = 837D21132AE3C802009E8361;
			remoteInfo = "LinkedIn clone";
		};
		837D212F2AE3C803009E8361 /* PBXContainerItemProxy */ = {
			isa = PBXContainerItemProxy;
			containerPortal = 837D210C2AE3C802009E8361 /* Project object */;
			proxyType = 1;
			remoteGlobalIDString = 837D21132AE3C802009E8361;
			remoteInfo = "LinkedIn clone";
		};
/* End PBXContainerItemProxy section */

/* Begin PBXFileReference section */
		837D21142AE3C802009E8361 /* LinkedIn clone.app */ = {isa = PBXFileReference; explicitFileType = wrapper.application; includeInIndex = 0; path = "LinkedIn clone.app"; sourceTree = BUILT_PRODUCTS_DIR; };
		837D21172AE3C802009E8361 /* LinkedIn_cloneApp.swift */ = {isa = PBXFileReference; lastKnownFileType = sourcecode.swift; path = LinkedIn_cloneApp.swift; sourceTree = "<group>"; };
		837D21192AE3C802009E8361 /* ContentView.swift */ = {isa = PBXFileReference; lastKnownFileType = sourcecode.swift; path = ContentView.swift; sourceTree = "<group>"; };
		837D211B2AE3C802009E8361 /* Assets.xcassets */ = {isa = PBXFileReference; lastKnownFileType = folder.assetcatalog; path = Assets.xcassets; sourceTree = "<group>"; };
		837D211E2AE3C802009E8361 /* Preview Assets.xcassets */ = {isa = PBXFileReference; lastKnownFileType = folder.assetcatalog; path = "Preview Assets.xcassets"; sourceTree = "<group>"; };
		837D21242AE3C803009E8361 /* LinkedIn cloneTests.xctest */ = {isa = PBXFileReference; explicitFileType = wrapper.cfbundle; includeInIndex = 0; path = "LinkedIn cloneTests.xctest"; sourceTree = BUILT_PRODUCTS_DIR; };
		837D21282AE3C803009E8361 /* LinkedIn_cloneTests.swift */ = {isa = PBXFileReference; lastKnownFileType = sourcecode.swift; path = LinkedIn_cloneTests.swift; sourceTree = "<group>"; };
		837D212E2AE3C803009E8361 /* LinkedIn cloneUITests.xctest */ = {isa = PBXFileReference; explicitFileType = wrapper.cfbundle; includeInIndex = 0; path = "LinkedIn cloneUITests.xctest"; sourceTree = BUILT_PRODUCTS_DIR; };
		837D21322AE3C803009E8361 /* LinkedIn_cloneUITests.swift */ = {isa = PBXFileReference; lastKnownFileType = sourcecode.swift; path = LinkedIn_cloneUITests.swift; sourceTree = "<group>"; };
		837D21342AE3C803009E8361 /* LinkedIn_cloneUITestsLaunchTests.swift */ = {isa = PBXFileReference; lastKnownFileType = sourcecode.swift; path = LinkedIn_cloneUITestsLaunchTests.swift; sourceTree = "<group>"; };
		837D21422AE3CB86009E8361 /* HomeView.swift */ = {isa = PBXFileReference; lastKnownFileType = sourcecode.swift; path = HomeView.swift; sourceTree = "<group>"; };
		837D21442AE3CB95009E8361 /* NetworkView.swift */ = {isa = PBXFileReference; lastKnownFileType = sourcecode.swift; path = NetworkView.swift; sourceTree = "<group>"; };
		837D21472AE3CBAD009E8361 /* PostView.swift */ = {isa = PBXFileReference; lastKnownFileType = sourcecode.swift; path = PostView.swift; sourceTree = "<group>"; };
		837D21492AE3CBC2009E8361 /* NotificationsView.swift */ = {isa = PBXFileReference; lastKnownFileType = sourcecode.swift; path = NotificationsView.swift; sourceTree = "<group>"; };
		837D214B2AE3CBCF009E8361 /* JobsView.swift */ = {isa = PBXFileReference; lastKnownFileType = sourcecode.swift; path = JobsView.swift; sourceTree = "<group>"; };
/* End PBXFileReference section */

/* Begin PBXFrameworksBuildPhase section */
		837D21112AE3C802009E8361 /* Frameworks */ = {
			isa = PBXFrameworksBuildPhase;
			buildActionMask = 2147483647;
			files = (
			);
			runOnlyForDeploymentPostprocessing = 0;
		};
		837D21212AE3C803009E8361 /* Frameworks */ = {
			isa = PBXFrameworksBuildPhase;
			buildActionMask = 2147483647;
			files = (
			);
			runOnlyForDeploymentPostprocessing = 0;
		};
		837D212B2AE3C803009E8361 /* Frameworks */ = {
			isa = PBXFrameworksBuildPhase;
			buildActionMask = 2147483647;
			files = (
			);
			runOnlyForDeploymentPostprocessing = 0;
		};
/* End PBXFrameworksBuildPhase section */

/* Begin PBXGroup section */
		837D210B2AE3C802009E8361 = {
			isa = PBXGroup;
			children = (
				837D21162AE3C802009E8361 /* LinkedIn clone */,
				837D21272AE3C803009E8361 /* LinkedIn cloneTests */,
				837D21312AE3C803009E8361 /* LinkedIn cloneUITests */,
				837D21152AE3C802009E8361 /* Products */,
			);
			sourceTree = "<group>";
		};
		837D21152AE3C802009E8361 /* Products */ = {
			isa = PBXGroup;
			children = (
				837D21142AE3C802009E8361 /* LinkedIn clone.app */,
				837D21242AE3C803009E8361 /* LinkedIn cloneTests.xctest */,
				837D212E2AE3C803009E8361 /* LinkedIn cloneUITests.xctest */,
			);
			name = Products;
			sourceTree = "<group>";
		};
		837D21162AE3C802009E8361 /* LinkedIn clone */ = {
			isa = PBXGroup;
			children = (
				837D21412AE3CB3C009E8361 /* Views */,
				837D21172AE3C802009E8361 /* LinkedIn_cloneApp.swift */,
				837D21192AE3C802009E8361 /* ContentView.swift */,
				837D211B2AE3C802009E8361 /* Assets.xcassets */,
				837D211D2AE3C802009E8361 /* Preview Content */,
			);
			path = "LinkedIn clone";
			sourceTree = "<group>";
		};
		837D211D2AE3C802009E8361 /* Preview Content */ = {
			isa = PBXGroup;
			children = (
				837D211E2AE3C802009E8361 /* Preview Assets.xcassets */,
			);
			path = "Preview Content";
			sourceTree = "<group>";
		};
		837D21272AE3C803009E8361 /* LinkedIn cloneTests */ = {
			isa = PBXGroup;
			children = (
				837D21282AE3C803009E8361 /* LinkedIn_cloneTests.swift */,
			);
			path = "LinkedIn cloneTests";
			sourceTree = "<group>";
		};
		837D21312AE3C803009E8361 /* LinkedIn cloneUITests */ = {
			isa = PBXGroup;
			children = (
				837D21322AE3C803009E8361 /* LinkedIn_cloneUITests.swift */,
				837D21342AE3C803009E8361 /* LinkedIn_cloneUITestsLaunchTests.swift */,
			);
			path = "LinkedIn cloneUITests";
			sourceTree = "<group>";
		};
		837D21412AE3CB3C009E8361 /* Views */ = {
			isa = PBXGroup;
			children = (
				837D21422AE3CB86009E8361 /* HomeView.swift */,
				837D21442AE3CB95009E8361 /* NetworkView.swift */,
				837D21472AE3CBAD009E8361 /* PostView.swift */,
				837D21492AE3CBC2009E8361 /* NotificationsView.swift */,
				837D214B2AE3CBCF009E8361 /* JobsView.swift */,
			);
			path = Views;
			sourceTree = "<group>";
		};
/* End PBXGroup section */

/* Begin PBXNativeTarget section */
		837D21132AE3C802009E8361 /* LinkedIn clone */ = {
			isa = PBXNativeTarget;
			buildConfigurationList = 837D21382AE3C803009E8361 /* Build configuration list for PBXNativeTarget "LinkedIn clone" */;
			buildPhases = (
				837D21102AE3C802009E8361 /* Sources */,
				837D21112AE3C802009E8361 /* Frameworks */,
				837D21122AE3C802009E8361 /* Resources */,
			);
			buildRules = (
			);
			dependencies = (
			);
			name = "LinkedIn clone";
			productName = "LinkedIn clone";
			productReference = 837D21142AE3C802009E8361 /* LinkedIn clone.app */;
			productType = "com.apple.product-type.application";
		};
		837D21232AE3C803009E8361 /* LinkedIn cloneTests */ = {
			isa = PBXNativeTarget;
			buildConfigurationList = 837D213B2AE3C803009E8361 /* Build configuration list for PBXNativeTarget "LinkedIn cloneTests" */;
			buildPhases = (
				837D21202AE3C803009E8361 /* Sources */,
				837D21212AE3C803009E8361 /* Frameworks */,
				837D21222AE3C803009E8361 /* Resources */,
			);
			buildRules = (
			);
			dependencies = (
				837D21262AE3C803009E8361 /* PBXTargetDependency */,
			);
			name = "LinkedIn cloneTests";
			productName = "LinkedIn cloneTests";
			productReference = 837D21242AE3C803009E8361 /* LinkedIn cloneTests.xctest */;
			productType = "com.apple.product-type.bundle.unit-test";
		};
		837D212D2AE3C803009E8361 /* LinkedIn cloneUITests */ = {
			isa = PBXNativeTarget;
			buildConfigurationList = 837D213E2AE3C803009E8361 /* Build configuration list for PBXNativeTarget "LinkedIn cloneUITests" */;
			buildPhases = (
				837D212A2AE3C803009E8361 /* Sources */,
				837D212B2AE3C803009E8361 /* Frameworks */,
				837D212C2AE3C803009E8361 /* Resources */,
			);
			buildRules = (
			);
			dependencies = (
				837D21302AE3C803009E8361 /* PBXTargetDependency */,
			);
			name = "LinkedIn cloneUITests";
			productName = "LinkedIn cloneUITests";
			productReference = 837D212E2AE3C803009E8361 /* LinkedIn cloneUITests.xctest */;
			productType = "com.apple.product-type.bundle.ui-testing";
		};
/* End PBXNativeTarget section */

/* Begin PBXProject section */
		837D210C2AE3C802009E8361 /* Project object */ = {
			isa = PBXProject;
			attributes = {
				BuildIndependentTargetsInParallel = 1;
				LastSwiftUpdateCheck = 1500;
				LastUpgradeCheck = 1500;
				TargetAttributes = {
					837D21132AE3C802009E8361 = {
						CreatedOnToolsVersion = 15.0;
					};
					837D21232AE3C803009E8361 = {
						CreatedOnToolsVersion = 15.0;
						TestTargetID = 837D21132AE3C802009E8361;
					};
					837D212D2AE3C803009E8361 = {
						CreatedOnToolsVersion = 15.0;
						TestTargetID = 837D21132AE3C802009E8361;
					};
				};
			};
			buildConfigurationList = 837D210F2AE3C802009E8361 /* Build configuration list for PBXProject "LinkedIn clone" */;
			compatibilityVersion = "Xcode 14.0";
			developmentRegion = en;
			hasScannedForEncodings = 0;
			knownRegions = (
				en,
				Base,
			);
			mainGroup = 837D210B2AE3C802009E8361;
			productRefGroup = 837D21152AE3C802009E8361 /* Products */;
			projectDirPath = "";
			projectRoot = "";
			targets = (
				837D21132AE3C802009E8361 /* LinkedIn clone */,
				837D21232AE3C803009E8361 /* LinkedIn cloneTests */,
				837D212D2AE3C803009E8361 /* LinkedIn cloneUITests */,
			);
		};
/* End PBXProject section */

/* Begin PBXResourcesBuildPhase section */
		837D21122AE3C802009E8361 /* Resources */ = {
			isa = PBXResourcesBuildPhase;
			buildActionMask = 2147483647;
			files = (
				837D211F2AE3C802009E8361 /* Preview Assets.xcassets in Resources */,
				837D211C2AE3C802009E8361 /* Assets.xcassets in Resources */,
			);
			runOnlyForDeploymentPostprocessing = 0;
		};
		837D21222AE3C803009E8361 /* Resources */ = {
			isa = PBXResourcesBuildPhase;
			buildActionMask = 2147483647;
			files = (
			);
			runOnlyForDeploymentPostprocessing = 0;
		};
		837D212C2AE3C803009E8361 /* Resources */ = {
			isa = PBXResourcesBuildPhase;
			buildActionMask = 2147483647;
			files = (
			);
			runOnlyForDeploymentPostprocessing = 0;
		};
/* End PBXResourcesBuildPhase section */

/* Begin PBXSourcesBuildPhase section */
		837D21102AE3C802009E8361 /* Sources */ = {
			isa = PBXSourcesBuildPhase;
			buildActionMask = 2147483647;
			files = (
				837D21432AE3CB86009E8361 /* HomeView.swift in Sources */,
				837D21452AE3CB95009E8361 /* NetworkView.swift in Sources */,
				837D214C2AE3CBCF009E8361 /* JobsView.swift in Sources */,
				837D211A2AE3C802009E8361 /* ContentView.swift in Sources */,
				837D21482AE3CBAD009E8361 /* PostView.swift in Sources */,
				837D21182AE3C802009E8361 /* LinkedIn_cloneApp.swift in Sources */,
				837D214A2AE3CBC2009E8361 /* NotificationsView.swift in Sources */,
			);
			runOnlyForDeploymentPostprocessing = 0;
		};
		837D21202AE3C803009E8361 /* Sources */ = {
			isa = PBXSourcesBuildPhase;
			buildActionMask = 2147483647;
			files = (
				837D21292AE3C803009E8361 /* LinkedIn_cloneTests.swift in Sources */,
			);
			runOnlyForDeploymentPostprocessing = 0;
		};
		837D212A2AE3C803009E8361 /* Sources */ = {
			isa = PBXSourcesBuildPhase;
			buildActionMask = 2147483647;
			files = (
				837D21352AE3C803009E8361 /* LinkedIn_cloneUITestsLaunchTests.swift in Sources */,
				837D21332AE3C803009E8361 /* LinkedIn_cloneUITests.swift in Sources */,
			);
			runOnlyForDeploymentPostprocessing = 0;
		};
/* End PBXSourcesBuildPhase section */

/* Begin PBXTargetDependency section */
		837D21262AE3C803009E8361 /* PBXTargetDependency */ = {
			isa = PBXTargetDependency;
			target = 837D21132AE3C802009E8361 /* LinkedIn clone */;
			targetProxy = 837D21252AE3C803009E8361 /* PBXContainerItemProxy */;
		};
		837D21302AE3C803009E8361 /* PBXTargetDependency */ = {
			isa = PBXTargetDependency;
			target = 837D21132AE3C802009E8361 /* LinkedIn clone */;
			targetProxy = 837D212F2AE3C803009E8361 /* PBXContainerItemProxy */;
		};
/* End PBXTargetDependency section */

/* Begin XCBuildConfiguration section */
		837D21362AE3C803009E8361 /* Debug */ = {
			isa = XCBuildConfiguration;
			buildSettings = {
				ALWAYS_SEARCH_USER_PATHS = NO;
				ASSETCATALOG_COMPILER_GENERATE_SWIFT_ASSET_SYMBOL_EXTENSIONS = YES;
				CLANG_ANALYZER_NONNULL = YES;
				CLANG_ANALYZER_NUMBER_OBJECT_CONVERSION = YES_AGGRESSIVE;
				CLANG_CXX_LANGUAGE_STANDARD = "gnu++20";
				CLANG_ENABLE_MODULES = YES;
				CLANG_ENABLE_OBJC_ARC = YES;
				CLANG_ENABLE_OBJC_WEAK = YES;
				CLANG_WARN_BLOCK_CAPTURE_AUTORELEASING = YES;
				CLANG_WARN_BOOL_CONVERSION = YES;
				CLANG_WARN_COMMA = YES;
				CLANG_WARN_CONSTANT_CONVERSION = YES;
				CLANG_WARN_DEPRECATED_OBJC_IMPLEMENTATIONS = YES;
				CLANG_WARN_DIRECT_OBJC_ISA_USAGE = YES_ERROR;
				CLANG_WARN_DOCUMENTATION_COMMENTS = YES;
				CLANG_WARN_EMPTY_BODY = YES;
				CLANG_WARN_ENUM_CONVERSION = YES;
				CLANG_WARN_INFINITE_RECURSION = YES;
				CLANG_WARN_INT_CONVERSION = YES;
				CLANG_WARN_NON_LITERAL_NULL_CONVERSION = YES;
				CLANG_WARN_OBJC_IMPLICIT_RETAIN_SELF = YES;
				CLANG_WARN_OBJC_LITERAL_CONVERSION = YES;
				CLANG_WARN_OBJC_ROOT_CLASS = YES_ERROR;
				CLANG_WARN_QUOTED_INCLUDE_IN_FRAMEWORK_HEADER = YES;
				CLANG_WARN_RANGE_LOOP_ANALYSIS = YES;
				CLANG_WARN_STRICT_PROTOTYPES = YES;
				CLANG_WARN_SUSPICIOUS_MOVE = YES;
				CLANG_WARN_UNGUARDED_AVAILABILITY = YES_AGGRESSIVE;
				CLANG_WARN_UNREACHABLE_CODE = YES;
				CLANG_WARN__DUPLICATE_METHOD_MATCH = YES;
				COPY_PHASE_STRIP = NO;
				DEBUG_INFORMATION_FORMAT = dwarf;
				ENABLE_STRICT_OBJC_MSGSEND = YES;
				ENABLE_TESTABILITY = YES;
				ENABLE_USER_SCRIPT_SANDBOXING = YES;
				GCC_C_LANGUAGE_STANDARD = gnu17;
				GCC_DYNAMIC_NO_PIC = NO;
				GCC_NO_COMMON_BLOCKS = YES;
				GCC_OPTIMIZATION_LEVEL = 0;
				GCC_PREPROCESSOR_DEFINITIONS = (
					"DEBUG=1",
					"$(inherited)",
				);
				GCC_WARN_64_TO_32_BIT_CONVERSION = YES;
				GCC_WARN_ABOUT_RETURN_TYPE = YES_ERROR;
				GCC_WARN_UNDECLARED_SELECTOR = YES;
				GCC_WARN_UNINITIALIZED_AUTOS = YES_AGGRESSIVE;
				GCC_WARN_UNUSED_FUNCTION = YES;
				GCC_WARN_UNUSED_VARIABLE = YES;
				IPHONEOS_DEPLOYMENT_TARGET = 17.0;
				LOCALIZATION_PREFERS_STRING_CATALOGS = YES;
				MTL_ENABLE_DEBUG_INFO = INCLUDE_SOURCE;
				MTL_FAST_MATH = YES;
				ONLY_ACTIVE_ARCH = YES;
				SDKROOT = iphoneos;
				SWIFT_ACTIVE_COMPILATION_CONDITIONS = "DEBUG $(inherited)";
				SWIFT_OPTIMIZATION_LEVEL = "-Onone";
			};
			name = Debug;
		};
		837D21372AE3C803009E8361 /* Release */ = {
			isa = XCBuildConfiguration;
			buildSettings = {
				ALWAYS_SEARCH_USER_PATHS = NO;
				ASSETCATALOG_COMPILER_GENERATE_SWIFT_ASSET_SYMBOL_EXTENSIONS = YES;
				CLANG_ANALYZER_NONNULL = YES;
				CLANG_ANALYZER_NUMBER_OBJECT_CONVERSION = YES_AGGRESSIVE;
				CLANG_CXX_LANGUAGE_STANDARD = "gnu++20";
				CLANG_ENABLE_MODULES = YES;
				CLANG_ENABLE_OBJC_ARC = YES;
				CLANG_ENABLE_OBJC_WEAK = YES;
				CLANG_WARN_BLOCK_CAPTURE_AUTORELEASING = YES;
				CLANG_WARN_BOOL_CONVERSION = YES;
				CLANG_WARN_COMMA = YES;
				CLANG_WARN_CONSTANT_CONVERSION = YES;
				CLANG_WARN_DEPRECATED_OBJC_IMPLEMENTATIONS = YES;
				CLANG_WARN_DIRECT_OBJC_ISA_USAGE = YES_ERROR;
				CLANG_WARN_DOCUMENTATION_COMMENTS = YES;
				CLANG_WARN_EMPTY_BODY = YES;
				CLANG_WARN_ENUM_CONVERSION = YES;
				CLANG_WARN_INFINITE_RECURSION = YES;
				CLANG_WARN_INT_CONVERSION = YES;
				CLANG_WARN_NON_LITERAL_NULL_CONVERSION = YES;
				CLANG_WARN_OBJC_IMPLICIT_RETAIN_SELF = YES;
				CLANG_WARN_OBJC_LITERAL_CONVERSION = YES;
				CLANG_WARN_OBJC_ROOT_CLASS = YES_ERROR;
				CLANG_WARN_QUOTED_INCLUDE_IN_FRAMEWORK_HEADER = YES;
				CLANG_WARN_RANGE_LOOP_ANALYSIS = YES;
				CLANG_WARN_STRICT_PROTOTYPES = YES;
				CLANG_WARN_SUSPICIOUS_MOVE = YES;
				CLANG_WARN_UNGUARDED_AVAILABILITY = YES_AGGRESSIVE;
				CLANG_WARN_UNREACHABLE_CODE = YES;
				CLANG_WARN__DUPLICATE_METHOD_MATCH = YES;
				COPY_PHASE_STRIP = NO;
				DEBUG_INFORMATION_FORMAT = "dwarf-with-dsym";
				ENABLE_NS_ASSERTIONS = NO;
				ENABLE_STRICT_OBJC_MSGSEND = YES;
				ENABLE_USER_SCRIPT_SANDBOXING = YES;
				GCC_C_LANGUAGE_STANDARD = gnu17;
				GCC_NO_COMMON_BLOCKS = YES;
				GCC_WARN_64_TO_32_BIT_CONVERSION = YES;
				GCC_WARN_ABOUT_RETURN_TYPE = YES_ERROR;
				GCC_WARN_UNDECLARED_SELECTOR = YES;
				GCC_WARN_UNINITIALIZED_AUTOS = YES_AGGRESSIVE;
				GCC_WARN_UNUSED_FUNCTION = YES;
				GCC_WARN_UNUSED_VARIABLE = YES;
				IPHONEOS_DEPLOYMENT_TARGET = 17.0;
				LOCALIZATION_PREFERS_STRING_CATALOGS = YES;
				MTL_ENABLE_DEBUG_INFO = NO;
				MTL_FAST_MATH = YES;
				SDKROOT = iphoneos;
				SWIFT_COMPILATION_MODE = wholemodule;
				VALIDATE_PRODUCT = YES;
			};
			name = Release;
		};
		837D21392AE3C803009E8361 /* Debug */ = {
			isa = XCBuildConfiguration;
			buildSettings = {
				ASSETCATALOG_COMPILER_APPICON_NAME = AppIcon;
				ASSETCATALOG_COMPILER_GLOBAL_ACCENT_COLOR_NAME = AccentColor;
				CODE_SIGN_STYLE = Automatic;
				CURRENT_PROJECT_VERSION = 1;
				DEVELOPMENT_ASSET_PATHS = "\"LinkedIn clone/Preview Content\"";
				ENABLE_PREVIEWS = YES;
				GENERATE_INFOPLIST_FILE = YES;
				INFOPLIST_KEY_UIApplicationSceneManifest_Generation = YES;
				INFOPLIST_KEY_UIApplicationSupportsIndirectInputEvents = YES;
				INFOPLIST_KEY_UILaunchScreen_Generation = YES;
				INFOPLIST_KEY_UISupportedInterfaceOrientations_iPad = "UIInterfaceOrientationPortrait UIInterfaceOrientationPortraitUpsideDown UIInterfaceOrientationLandscapeLeft UIInterfaceOrientationLandscapeRight";
				INFOPLIST_KEY_UISupportedInterfaceOrientations_iPhone = "UIInterfaceOrientationPortrait UIInterfaceOrientationLandscapeLeft UIInterfaceOrientationLandscapeRight";
				LD_RUNPATH_SEARCH_PATHS = (
					"$(inherited)",
					"@executable_path/Frameworks",
				);
				MARKETING_VERSION = 1.0;
				PRODUCT_BUNDLE_IDENTIFIER = "stanko.LinkedIn-clone";
				PRODUCT_NAME = "$(TARGET_NAME)";
				SWIFT_EMIT_LOC_STRINGS = YES;
				SWIFT_VERSION = 5.0;
				TARGETED_DEVICE_FAMILY = "1,2";
			};
			name = Debug;
		};
		837D213A2AE3C803009E8361 /* Release */ = {
			isa = XCBuildConfiguration;
			buildSettings = {
				ASSETCATALOG_COMPILER_APPICON_NAME = AppIcon;
				ASSETCATALOG_COMPILER_GLOBAL_ACCENT_COLOR_NAME = AccentColor;
				CODE_SIGN_STYLE = Automatic;
				CURRENT_PROJECT_VERSION = 1;
				DEVELOPMENT_ASSET_PATHS = "\"LinkedIn clone/Preview Content\"";
				ENABLE_PREVIEWS = YES;
				GENERATE_INFOPLIST_FILE = YES;
				INFOPLIST_KEY_UIApplicationSceneManifest_Generation = YES;
				INFOPLIST_KEY_UIApplicationSupportsIndirectInputEvents = YES;
				INFOPLIST_KEY_UILaunchScreen_Generation = YES;
				INFOPLIST_KEY_UISupportedInterfaceOrientations_iPad = "UIInterfaceOrientationPortrait UIInterfaceOrientationPortraitUpsideDown UIInterfaceOrientationLandscapeLeft UIInterfaceOrientationLandscapeRight";
				INFOPLIST_KEY_UISupportedInterfaceOrientations_iPhone = "UIInterfaceOrientationPortrait UIInterfaceOrientationLandscapeLeft UIInterfaceOrientationLandscapeRight";
				LD_RUNPATH_SEARCH_PATHS = (
					"$(inherited)",
					"@executable_path/Frameworks",
				);
				MARKETING_VERSION = 1.0;
				PRODUCT_BUNDLE_IDENTIFIER = "stanko.LinkedIn-clone";
				PRODUCT_NAME = "$(TARGET_NAME)";
				SWIFT_EMIT_LOC_STRINGS = YES;
				SWIFT_VERSION = 5.0;
				TARGETED_DEVICE_FAMILY = "1,2";
			};
			name = Release;
		};
		837D213C2AE3C803009E8361 /* Debug */ = {
			isa = XCBuildConfiguration;
			buildSettings = {
				ALWAYS_EMBED_SWIFT_STANDARD_LIBRARIES = YES;
				BUNDLE_LOADER = "$(TEST_HOST)";
				CODE_SIGN_STYLE = Automatic;
				CURRENT_PROJECT_VERSION = 1;
				GENERATE_INFOPLIST_FILE = YES;
				IPHONEOS_DEPLOYMENT_TARGET = 17.0;
				MARKETING_VERSION = 1.0;
				PRODUCT_BUNDLE_IDENTIFIER = "stanko.LinkedIn-cloneTests";
				PRODUCT_NAME = "$(TARGET_NAME)";
				SWIFT_EMIT_LOC_STRINGS = NO;
				SWIFT_VERSION = 5.0;
				TARGETED_DEVICE_FAMILY = "1,2";
				TEST_HOST = "$(BUILT_PRODUCTS_DIR)/LinkedIn clone.app/$(BUNDLE_EXECUTABLE_FOLDER_PATH)/LinkedIn clone";
			};
			name = Debug;
		};
		837D213D2AE3C803009E8361 /* Release */ = {
			isa = XCBuildConfiguration;
			buildSettings = {
				ALWAYS_EMBED_SWIFT_STANDARD_LIBRARIES = YES;
				BUNDLE_LOADER = "$(TEST_HOST)";
				CODE_SIGN_STYLE = Automatic;
				CURRENT_PROJECT_VERSION = 1;
				GENERATE_INFOPLIST_FILE = YES;
				IPHONEOS_DEPLOYMENT_TARGET = 17.0;
				MARKETING_VERSION = 1.0;
				PRODUCT_BUNDLE_IDENTIFIER = "stanko.LinkedIn-cloneTests";
				PRODUCT_NAME = "$(TARGET_NAME)";
				SWIFT_EMIT_LOC_STRINGS = NO;
				SWIFT_VERSION = 5.0;
				TARGETED_DEVICE_FAMILY = "1,2";
				TEST_HOST = "$(BUILT_PRODUCTS_DIR)/LinkedIn clone.app/$(BUNDLE_EXECUTABLE_FOLDER_PATH)/LinkedIn clone";
			};
			name = Release;
		};
		837D213F2AE3C803009E8361 /* Debug */ = {
			isa = XCBuildConfiguration;
			buildSettings = {
				ALWAYS_EMBED_SWIFT_STANDARD_LIBRARIES = YES;
				CODE_SIGN_STYLE = Automatic;
				CURRENT_PROJECT_VERSION = 1;
				GENERATE_INFOPLIST_FILE = YES;
				MARKETING_VERSION = 1.0;
				PRODUCT_BUNDLE_IDENTIFIER = "stanko.LinkedIn-cloneUITests";
				PRODUCT_NAME = "$(TARGET_NAME)";
				SWIFT_EMIT_LOC_STRINGS = NO;
				SWIFT_VERSION = 5.0;
				TARGETED_DEVICE_FAMILY = "1,2";
				TEST_TARGET_NAME = "LinkedIn clone";
			};
			name = Debug;
		};
		837D21402AE3C803009E8361 /* Release */ = {
			isa = XCBuildConfiguration;
			buildSettings = {
				ALWAYS_EMBED_SWIFT_STANDARD_LIBRARIES = YES;
				CODE_SIGN_STYLE = Automatic;
				CURRENT_PROJECT_VERSION = 1;
				GENERATE_INFOPLIST_FILE = YES;
				MARKETING_VERSION = 1.0;
				PRODUCT_BUNDLE_IDENTIFIER = "stanko.LinkedIn-cloneUITests";
				PRODUCT_NAME = "$(TARGET_NAME)";
				SWIFT_EMIT_LOC_STRINGS = NO;
				SWIFT_VERSION = 5.0;
				TARGETED_DEVICE_FAMILY = "1,2";
				TEST_TARGET_NAME = "LinkedIn clone";
			};
			name = Release;
		};
/* End XCBuildConfiguration section */

/* Begin XCConfigurationList section */
		837D210F2AE3C802009E8361 /* Build configuration list for PBXProject "LinkedIn clone" */ = {
			isa = XCConfigurationList;
			buildConfigurations = (
				837D21362AE3C803009E8361 /* Debug */,
				837D21372AE3C803009E8361 /* Release */,
			);
			defaultConfigurationIsVisible = 0;
			defaultConfigurationName = Release;
		};
		837D21382AE3C803009E8361 /* Build configuration list for PBXNativeTarget "LinkedIn clone" */ = {
			isa = XCConfigurationList;
			buildConfigurations = (
				837D21392AE3C803009E8361 /* Debug */,
				837D213A2AE3C803009E8361 /* Release */,
			);
			defaultConfigurationIsVisible = 0;
			defaultConfigurationName = Release;
		};
		837D213B2AE3C803009E8361 /* Build configuration list for PBXNativeTarget "LinkedIn cloneTests" */ = {
			isa = XCConfigurationList;
			buildConfigurations = (
				837D213C2AE3C803009E8361 /* Debug */,
				837D213D2AE3C803009E8361 /* Release */,
			);
			defaultConfigurationIsVisible = 0;
			defaultConfigurationName = Release;
		};
		837D213E2AE3C803009E8361 /* Build configuration list for PBXNativeTarget "LinkedIn cloneUITests" */ = {
			isa = XCConfigurationList;
			buildConfigurations = (
				837D213F2AE3C803009E8361 /* Debug */,
				837D21402AE3C803009E8361 /* Release */,
			);
			defaultConfigurationIsVisible = 0;
			defaultConfigurationName = Release;
		};
/* End XCConfigurationList section */
	};
	rootObject = 837D210C2AE3C802009E8361 /* Project object */;
}
